github.com/aasulvva/VAS-error-handling-go v0.0.0-20240612135426-4938ecce7d9c h1:ruix4knwJw4xW0VJFJ2TtR+OItCUn9VV+Yj1XBZ2S8U=
github.com/aasulvva/VAS-error-handling-go v0.0.0-20240612135426-4938ecce7d9c/go.mod h1:im88VygRF/NUBIalabWskGp8dOnjyFFVOGYzuV+dJEA=
github.com/aasulvva/VAS-error-handling-go v1.0.0 h1:VHNTdBUZglAV9hnhlxlNtjl0+nF3tcEjZfminSH+wO4=
github.com/aasulvva/VAS-error-handling-go v1.0.0/go.mod h1:im88VygRF/NUBIalabWskGp8dOnjyFFVOGYzuV+dJEA=
